
Microsoft Visual Studio Solution File, Format Version 12.00
# Visual Studio Version 16
VisualStudioVersion = 16.0.31624.102
MinimumVisualStudioVersion = 10.0.40219.1
Project("{FAE04EC0-301F-11D3-BF4B-00C04F79EFBC}") = "Notatnik.NET", "Notatnik.NET.csproj", "{6501E07D-5270-4D57-9D2C-003DDD6750C6}"
EndProject
Global
	GlobalSection(SolutionConfigurationPlatforms) = preSolution
		Debug|Any CPU = Debug|Any CPU
		Release|Any CPU = Release|Any CPU
	EndGlobalSection
	GlobalSection(ProjectConfigurationPlatforms) = postSolution
		{6501E07D-5270-4D57-9D2C-003DDD6750C6}.Debug|Any CPU.ActiveCfg = Debug|Any CPU
		{6501E07D-5270-4D57-9D2C-003DDD6750C6}.Debug|Any CPU.Build.0 = Debug|Any CPU
		{6501E07D-5270-4D57-9D2C-003DDD6750C6}.Release|Any CPU.ActiveCfg = Release|Any CPU
		{6501E07D-5270-4D57-9D2C-003DDD6750C6}.Release|Any CPU.Build.0 = Release|Any CPU
	EndGlobalSection
	GlobalSection(SolutionProperties) = preSolution
		HideSolutionNode = FALSE
	EndGlobalSection
	GlobalSection(ExtensibilityGlobals) = postSolution
		SolutionGuid = {C692F0A8-499C-44FE-AD0D-BD20F3E7610E}
	EndGlobalSection
EndGlobal
